
Microsoft Visual Studio Solution File, Format Version 12.00
# Visual Studio Version 16
VisualStudioVersion = 16.0.30907.101
MinimumVisualStudioVersion = 10.0.40219.1
Project("{2150E333-8FDC-42A3-9474-1A3956D46DE8}") = "solution files", "solution files", "{8F94EC16-9D85-4A97-8C0F-10259AADC9F0}"
	ProjectSection(SolutionItems) = preProject
		.gitignore = .gitignore
		README.md = README.md
	EndProjectSection
EndProject
Project("{2150E333-8FDC-42A3-9474-1A3956D46DE8}") = "src", "src", "{7D2EA3DE-27A6-4026-831C-8ECE7CD3213D}"
EndProject
Project("{FAE04EC0-301F-11D3-BF4B-00C04F79EFBC}") = "2C2P.DEMO.WebApp", "2C2P.DEMO.WebApp\2C2P.DEMO.WebApp.csproj", "{79E88F5A-5A22-4DD3-B3B5-5DA5284ED061}"
EndProject
Global
	GlobalSection(SolutionConfigurationPlatforms) = preSolution
		Debug|Any CPU = Debug|Any CPU
		Release|Any CPU = Release|Any CPU
	EndGlobalSection
	GlobalSection(ProjectConfigurationPlatforms) = postSolution
		{79E88F5A-5A22-4DD3-B3B5-5DA5284ED061}.Debug|Any CPU.ActiveCfg = Debug|Any CPU
		{79E88F5A-5A22-4DD3-B3B5-5DA5284ED061}.Debug|Any CPU.Build.0 = Debug|Any CPU
		{79E88F5A-5A22-4DD3-B3B5-5DA5284ED061}.Release|Any CPU.ActiveCfg = Release|Any CPU
		{79E88F5A-5A22-4DD3-B3B5-5DA5284ED061}.Release|Any CPU.Build.0 = Release|Any CPU
	EndGlobalSection
	GlobalSection(SolutionProperties) = preSolution
		HideSolutionNode = FALSE
	EndGlobalSection
	GlobalSection(NestedProjects) = preSolution
		{79E88F5A-5A22-4DD3-B3B5-5DA5284ED061} = {7D2EA3DE-27A6-4026-831C-8ECE7CD3213D}
	EndGlobalSection
	GlobalSection(ExtensibilityGlobals) = postSolution
		SolutionGuid = {3E7B6036-C1F3-4542-A5F1-975F4A1865C5}
	EndGlobalSection
EndGlobal
